
Microsoft Visual Studio Solution File, Format Version 12.00
# Visual Studio Version 17
VisualStudioVersion = 17.8.0.0
MinimumVisualStudioVersion = 17.8.0.0
Project("{9A19103F-16F7-4668-BE54-9A1E7A4F7556}") = "DotnetAgents.AppHost", "DotnetAgents.AppHost\DotnetAgents.AppHost.csproj", "{0405489B-D101-4BD1-A6E2-71BAAA684B26}"
EndProject
Project("{9A19103F-16F7-4668-BE54-9A1E7A4F7556}") = "DotnetAgents.ServiceDefaults", "DotnetAgents.ServiceDefaults\DotnetAgents.ServiceDefaults.csproj", "{57B4F299-5AB9-43B1-A4DF-0964B95AD1CA}"
EndProject
Project("{9A19103F-16F7-4668-BE54-9A1E7A4F7556}") = "DotnetAgents.ApiService", "DotnetAgents.ApiService\DotnetAgents.ApiService.csproj", "{87474877-5CB6-48D7-B840-2343811807A8}"
EndProject
Project("{9A19103F-16F7-4668-BE54-9A1E7A4F7556}") = "DotnetAgents.Tests", "DotnetAgents.Tests\DotnetAgents.Tests.csproj", "{334F1BBD-1D36-4A42-AE16-82405A22139D}"
EndProject
Project("{9A19103F-16F7-4668-BE54-9A1E7A4F7556}") = "DotnetAgents.Web", "DotnetAgents.Web\DotnetAgents.Web.csproj", "{17EC23A0-F3D8-48B7-9505-8D4A0561C036}"
EndProject
Project("{FAE04EC0-301F-11D3-BF4B-00C04F79EFBC}") = "DotnetAgents.AgentApi", "DotnetAgents.Agent\DotnetAgents.AgentApi.csproj", "{CE4DAE36-3BB9-4F96-8940-2510D4AE22E9}"
EndProject
Project("{FAE04EC0-301F-11D3-BF4B-00C04F79EFBC}") = "IntelAgent", "IntelAgent\IntelAgent.csproj", "{D89EDAA6-CE08-485F-AB8F-58115E0FB20C}"
EndProject
Project("{FAE04EC0-301F-11D3-BF4B-00C04F79EFBC}") = "IntelAgent.Tests", "IntelAgent.Tests\IntelAgent.Tests.csproj", "{9C02258E-0C91-4ED4-85F1-BCE4424D6B0B}"
EndProject
Global
	GlobalSection(SolutionConfigurationPlatforms) = preSolution
		Debug|Any CPU = Debug|Any CPU
		Debug|x64 = Debug|x64
		Debug|x86 = Debug|x86
		Release|Any CPU = Release|Any CPU
		Release|x64 = Release|x64
		Release|x86 = Release|x86
	EndGlobalSection
	GlobalSection(ProjectConfigurationPlatforms) = postSolution
		{0405489B-D101-4BD1-A6E2-71BAAA684B26}.Debug|Any CPU.ActiveCfg = Debug|Any CPU
		{0405489B-D101-4BD1-A6E2-71BAAA684B26}.Debug|Any CPU.Build.0 = Debug|Any CPU
		{0405489B-D101-4BD1-A6E2-71BAAA684B26}.Debug|x64.ActiveCfg = Debug|Any CPU
		{0405489B-D101-4BD1-A6E2-71BAAA684B26}.Debug|x64.Build.0 = Debug|Any CPU
		{0405489B-D101-4BD1-A6E2-71BAAA684B26}.Debug|x86.ActiveCfg = Debug|Any CPU
		{0405489B-D101-4BD1-A6E2-71BAAA684B26}.Debug|x86.Build.0 = Debug|Any CPU
		{0405489B-D101-4BD1-A6E2-71BAAA684B26}.Release|Any CPU.ActiveCfg = Release|Any CPU
		{0405489B-D101-4BD1-A6E2-71BAAA684B26}.Release|Any CPU.Build.0 = Release|Any CPU
		{0405489B-D101-4BD1-A6E2-71BAAA684B26}.Release|x64.ActiveCfg = Release|Any CPU
		{0405489B-D101-4BD1-A6E2-71BAAA684B26}.Release|x64.Build.0 = Release|Any CPU
		{0405489B-D101-4BD1-A6E2-71BAAA684B26}.Release|x86.ActiveCfg = Release|Any CPU
		{0405489B-D101-4BD1-A6E2-71BAAA684B26}.Release|x86.Build.0 = Release|Any CPU
		{57B4F299-5AB9-43B1-A4DF-0964B95AD1CA}.Debug|Any CPU.ActiveCfg = Debug|Any CPU
		{57B4F299-5AB9-43B1-A4DF-0964B95AD1CA}.Debug|Any CPU.Build.0 = Debug|Any CPU
		{57B4F299-5AB9-43B1-A4DF-0964B95AD1CA}.Debug|x64.ActiveCfg = Debug|Any CPU
		{57B4F299-5AB9-43B1-A4DF-0964B95AD1CA}.Debug|x64.Build.0 = Debug|Any CPU
		{57B4F299-5AB9-43B1-A4DF-0964B95AD1CA}.Debug|x86.ActiveCfg = Debug|Any CPU
		{57B4F299-5AB9-43B1-A4DF-0964B95AD1CA}.Debug|x86.Build.0 = Debug|Any CPU
		{57B4F299-5AB9-43B1-A4DF-0964B95AD1CA}.Release|Any CPU.ActiveCfg = Release|Any CPU
		{57B4F299-5AB9-43B1-A4DF-0964B95AD1CA}.Release|Any CPU.Build.0 = Release|Any CPU
		{57B4F299-5AB9-43B1-A4DF-0964B95AD1CA}.Release|x64.ActiveCfg = Release|Any CPU
		{57B4F299-5AB9-43B1-A4DF-0964B95AD1CA}.Release|x64.Build.0 = Release|Any CPU
		{57B4F299-5AB9-43B1-A4DF-0964B95AD1CA}.Release|x86.ActiveCfg = Release|Any CPU
		{57B4F299-5AB9-43B1-A4DF-0964B95AD1CA}.Release|x86.Build.0 = Release|Any CPU
		{87474877-5CB6-48D7-B840-2343811807A8}.Debug|Any CPU.ActiveCfg = Debug|Any CPU
		{87474877-5CB6-48D7-B840-2343811807A8}.Debug|Any CPU.Build.0 = Debug|Any CPU
		{87474877-5CB6-48D7-B840-2343811807A8}.Debug|x64.ActiveCfg = Debug|Any CPU
		{87474877-5CB6-48D7-B840-2343811807A8}.Debug|x64.Build.0 = Debug|Any CPU
		{87474877-5CB6-48D7-B840-2343811807A8}.Debug|x86.ActiveCfg = Debug|Any CPU
		{87474877-5CB6-48D7-B840-2343811807A8}.Debug|x86.Build.0 = Debug|Any CPU
		{87474877-5CB6-48D7-B840-2343811807A8}.Release|Any CPU.ActiveCfg = Release|Any CPU
		{87474877-5CB6-48D7-B840-2343811807A8}.Release|Any CPU.Build.0 = Release|Any CPU
		{87474877-5CB6-48D7-B840-2343811807A8}.Release|x64.ActiveCfg = Release|Any CPU
		{87474877-5CB6-48D7-B840-2343811807A8}.Release|x64.Build.0 = Release|Any CPU
		{87474877-5CB6-48D7-B840-2343811807A8}.Release|x86.ActiveCfg = Release|Any CPU
		{87474877-5CB6-48D7-B840-2343811807A8}.Release|x86.Build.0 = Release|Any CPU
		{334F1BBD-1D36-4A42-AE16-82405A22139D}.Debug|Any CPU.ActiveCfg = Debug|Any CPU
		{334F1BBD-1D36-4A42-AE16-82405A22139D}.Debug|Any CPU.Build.0 = Debug|Any CPU
		{334F1BBD-1D36-4A42-AE16-82405A22139D}.Debug|x64.ActiveCfg = Debug|Any CPU
		{334F1BBD-1D36-4A42-AE16-82405A22139D}.Debug|x64.Build.0 = Debug|Any CPU
		{334F1BBD-1D36-4A42-AE16-82405A22139D}.Debug|x86.ActiveCfg = Debug|Any CPU
		{334F1BBD-1D36-4A42-AE16-82405A22139D}.Debug|x86.Build.0 = Debug|Any CPU
		{334F1BBD-1D36-4A42-AE16-82405A22139D}.Release|Any CPU.ActiveCfg = Release|Any CPU
		{334F1BBD-1D36-4A42-AE16-82405A22139D}.Release|Any CPU.Build.0 = Release|Any CPU
		{334F1BBD-1D36-4A42-AE16-82405A22139D}.Release|x64.ActiveCfg = Release|Any CPU
		{334F1BBD-1D36-4A42-AE16-82405A22139D}.Release|x64.Build.0 = Release|Any CPU
		{334F1BBD-1D36-4A42-AE16-82405A22139D}.Release|x86.ActiveCfg = Release|Any CPU
		{334F1BBD-1D36-4A42-AE16-82405A22139D}.Release|x86.Build.0 = Release|Any CPU
		{17EC23A0-F3D8-48B7-9505-8D4A0561C036}.Debug|Any CPU.ActiveCfg = Debug|Any CPU
		{17EC23A0-F3D8-48B7-9505-8D4A0561C036}.Debug|Any CPU.Build.0 = Debug|Any CPU
		{17EC23A0-F3D8-48B7-9505-8D4A0561C036}.Debug|x64.ActiveCfg = Debug|Any CPU
		{17EC23A0-F3D8-48B7-9505-8D4A0561C036}.Debug|x64.Build.0 = Debug|Any CPU
		{17EC23A0-F3D8-48B7-9505-8D4A0561C036}.Debug|x86.ActiveCfg = Debug|Any CPU
		{17EC23A0-F3D8-48B7-9505-8D4A0561C036}.Debug|x86.Build.0 = Debug|Any CPU
		{17EC23A0-F3D8-48B7-9505-8D4A0561C036}.Release|Any CPU.ActiveCfg = Release|Any CPU
		{17EC23A0-F3D8-48B7-9505-8D4A0561C036}.Release|Any CPU.Build.0 = Release|Any CPU
		{17EC23A0-F3D8-48B7-9505-8D4A0561C036}.Release|x64.ActiveCfg = Release|Any CPU
		{17EC23A0-F3D8-48B7-9505-8D4A0561C036}.Release|x64.Build.0 = Release|Any CPU
		{17EC23A0-F3D8-48B7-9505-8D4A0561C036}.Release|x86.ActiveCfg = Release|Any CPU
		{17EC23A0-F3D8-48B7-9505-8D4A0561C036}.Release|x86.Build.0 = Release|Any CPU
		{CE4DAE36-3BB9-4F96-8940-2510D4AE22E9}.Debug|Any CPU.ActiveCfg = Debug|Any CPU
		{CE4DAE36-3BB9-4F96-8940-2510D4AE22E9}.Debug|Any CPU.Build.0 = Debug|Any CPU
		{CE4DAE36-3BB9-4F96-8940-2510D4AE22E9}.Debug|x64.ActiveCfg = Debug|Any CPU
		{CE4DAE36-3BB9-4F96-8940-2510D4AE22E9}.Debug|x64.Build.0 = Debug|Any CPU
		{CE4DAE36-3BB9-4F96-8940-2510D4AE22E9}.Debug|x86.ActiveCfg = Debug|Any CPU
		{CE4DAE36-3BB9-4F96-8940-2510D4AE22E9}.Debug|x86.Build.0 = Debug|Any CPU
		{CE4DAE36-3BB9-4F96-8940-2510D4AE22E9}.Release|Any CPU.ActiveCfg = Release|Any CPU
		{CE4DAE36-3BB9-4F96-8940-2510D4AE22E9}.Release|Any CPU.Build.0 = Release|Any CPU
		{CE4DAE36-3BB9-4F96-8940-2510D4AE22E9}.Release|x64.ActiveCfg = Release|Any CPU
		{CE4DAE36-3BB9-4F96-8940-2510D4AE22E9}.Release|x64.Build.0 = Release|Any CPU
		{CE4DAE36-3BB9-4F96-8940-2510D4AE22E9}.Release|x86.ActiveCfg = Release|Any CPU
		{CE4DAE36-3BB9-4F96-8940-2510D4AE22E9}.Release|x86.Build.0 = Release|Any CPU
		{D89EDAA6-CE08-485F-AB8F-58115E0FB20C}.Debug|Any CPU.ActiveCfg = Debug|Any CPU
		{D89EDAA6-CE08-485F-AB8F-58115E0FB20C}.Debug|Any CPU.Build.0 = Debug|Any CPU
		{D89EDAA6-CE08-485F-AB8F-58115E0FB20C}.Debug|x64.ActiveCfg = Debug|Any CPU
		{D89EDAA6-CE08-485F-AB8F-58115E0FB20C}.Debug|x64.Build.0 = Debug|Any CPU
		{D89EDAA6-CE08-485F-AB8F-58115E0FB20C}.Debug|x86.ActiveCfg = Debug|Any CPU
		{D89EDAA6-CE08-485F-AB8F-58115E0FB20C}.Debug|x86.Build.0 = Debug|Any CPU
		{D89EDAA6-CE08-485F-AB8F-58115E0FB20C}.Release|Any CPU.ActiveCfg = Release|Any CPU
		{D89EDAA6-CE08-485F-AB8F-58115E0FB20C}.Release|Any CPU.Build.0 = Release|Any CPU
		{D89EDAA6-CE08-485F-AB8F-58115E0FB20C}.Release|x64.ActiveCfg = Release|Any CPU
		{D89EDAA6-CE08-485F-AB8F-58115E0FB20C}.Release|x64.Build.0 = Release|Any CPU
		{D89EDAA6-CE08-485F-AB8F-58115E0FB20C}.Release|x86.ActiveCfg = Release|Any CPU
		{D89EDAA6-CE08-485F-AB8F-58115E0FB20C}.Release|x86.Build.0 = Release|Any CPU
		{9C02258E-0C91-4ED4-85F1-BCE4424D6B0B}.Debug|Any CPU.ActiveCfg = Debug|Any CPU
		{9C02258E-0C91-4ED4-85F1-BCE4424D6B0B}.Debug|Any CPU.Build.0 = Debug|Any CPU
		{9C02258E-0C91-4ED4-85F1-BCE4424D6B0B}.Debug|x64.ActiveCfg = Debug|Any CPU
		{9C02258E-0C91-4ED4-85F1-BCE4424D6B0B}.Debug|x64.Build.0 = Debug|Any CPU
		{9C02258E-0C91-4ED4-85F1-BCE4424D6B0B}.Debug|x86.ActiveCfg = Debug|Any CPU
		{9C02258E-0C91-4ED4-85F1-BCE4424D6B0B}.Debug|x86.Build.0 = Debug|Any CPU
		{9C02258E-0C91-4ED4-85F1-BCE4424D6B0B}.Release|Any CPU.ActiveCfg = Release|Any CPU
		{9C02258E-0C91-4ED4-85F1-BCE4424D6B0B}.Release|Any CPU.Build.0 = Release|Any CPU
		{9C02258E-0C91-4ED4-85F1-BCE4424D6B0B}.Release|x64.ActiveCfg = Release|Any CPU
		{9C02258E-0C91-4ED4-85F1-BCE4424D6B0B}.Release|x64.Build.0 = Release|Any CPU
		{9C02258E-0C91-4ED4-85F1-BCE4424D6B0B}.Release|x86.ActiveCfg = Release|Any CPU
		{9C02258E-0C91-4ED4-85F1-BCE4424D6B0B}.Release|x86.Build.0 = Release|Any CPU
	EndGlobalSection
	GlobalSection(SolutionProperties) = preSolution
		HideSolutionNode = FALSE
	EndGlobalSection
	GlobalSection(ExtensibilityGlobals) = postSolution
		SolutionGuid = {4F54ED59-08E3-42B5-9D0E-E4AB36ECEDFE}
	EndGlobalSection
EndGlobal
