<Solution>
  <Configurations>
    <Platform Name="Any CPU" />
    <Platform Name="x64" />
    <Platform Name="x86" />
  </Configurations>
  <Folder Name="/Solution Items/" />
  <Folder Name="/Solution Items/docs/">
    <File Path="../docs/C# Lone Agent Implementation Guide.md" />
    <File Path="../docs/cicd_eval_fx.md" />
    <File Path="../docs/cicd_eval_fx_review.md" />
    <File Path="../docs/TESTING.md" />
    <File Path="docs/ARCHITECTURE_DOCUMENTATION.md" />
    <File Path="docs/IMPLEMENTATION_PLAN_SIGNALR_TASKS.md" />
  </Folder>
  <Project Path="DotnetAgents.AgentApi/DotnetAgents.AgentApi.csproj" />
  <Project Path="DotnetAgents.ApiService/DotnetAgents.ApiService.csproj" />
  <Project Path="DotnetAgents.AppHost/DotnetAgents.AppHost.csproj" />
  <Project Path="DotnetAgents.Console.Tests\DotnetAgents.Console.Tests.csproj" />
  <Project Path="DotnetAgents.Console/DotnetAgents.Console.csproj" />
  <Project Path="DotnetAgents.Core/DotnetAgents.Core.csproj" Id="28c245fb-3893-4b52-ba80-ee2358acc6e6" />
  <Project Path="DotnetAgents.ServiceDefaults/DotnetAgents.ServiceDefaults.csproj" />
  <Project Path="DotnetAgents.Tests/DotnetAgents.Tests.csproj" />
  <Project Path="DotnetAgents.Web/DotnetAgents.Web.csproj" />
  <Project Path="IntelAgent.Tests/IntelAgent.Tests.csproj" />
  <Project Path="IntelAgent/IntelAgent.csproj" />
</Solution>